
Microsoft Visual Studio Solution File, Format Version 12.00
# Visual Studio Version 16
VisualStudioVersion = 16.0.31613.86
MinimumVisualStudioVersion = 10.0.40219.1
Project("{9A19103F-16F7-4668-BE54-9A1E7A4F7556}") = "ODSApi", "ODSApi.csproj", "{8E6F21BF-F5E5-482F-B94D-F31ABC340A92}"
EndProject
Project("{2150E333-8FDC-42A3-9474-1A3956D46DE8}") = "Solution Items", "Solution Items", "{0CC2E2F8-E082-47FD-A8FA-043090CBB07B}"
	ProjectSection(SolutionItems) = preProject
		nuget.config = nuget.config
	EndProjectSection
EndProject
Project("{9A19103F-16F7-4668-BE54-9A1E7A4F7556}") = "ODSModels", "Model\ODSModels.csproj", "{50CF8185-F33A-479D-A57F-37EA040A90AB}"
EndProject
Project("{2150E333-8FDC-42A3-9474-1A3956D46DE8}") = "Database", "Database", "{65EFB18B-07F5-4290-9A5E-0CD40609565A}"
EndProject
Project("{9A19103F-16F7-4668-BE54-9A1E7A4F7556}") = "ODSDatabase", "ODSDatabase\ODSDatabase.csproj", "{349BD470-AA80-43B0-9B3F-E949C8613EC4}"
EndProject
Project("{2150E333-8FDC-42A3-9474-1A3956D46DE8}") = "Model", "Model", "{8074C32A-C925-4517-AA07-A7BC733390C6}"
EndProject
Project("{2150E333-8FDC-42A3-9474-1A3956D46DE8}") = "API", "API", "{6CFF906D-7DB2-4BB0-9047-4C4525920391}"
EndProject
Project("{2150E333-8FDC-42A3-9474-1A3956D46DE8}") = "Core", "Core", "{38034DDB-AC06-44AE-AF55-C9FAA20C30BA}"
EndProject
Project("{FAE04EC0-301F-11D3-BF4B-00C04F79EFBC}") = "ODSApiCore", "ODSApiCore\ODSApiCore.csproj", "{82C3A0B5-4C83-4095-B75C-B48636326D4F}"
EndProject
Global
	GlobalSection(SolutionConfigurationPlatforms) = preSolution
		Debug|Any CPU = Debug|Any CPU
		Release|Any CPU = Release|Any CPU
	EndGlobalSection
	GlobalSection(ProjectConfigurationPlatforms) = postSolution
		{8E6F21BF-F5E5-482F-B94D-F31ABC340A92}.Debug|Any CPU.ActiveCfg = Debug|Any CPU
		{8E6F21BF-F5E5-482F-B94D-F31ABC340A92}.Debug|Any CPU.Build.0 = Debug|Any CPU
		{8E6F21BF-F5E5-482F-B94D-F31ABC340A92}.Release|Any CPU.ActiveCfg = Release|Any CPU
		{8E6F21BF-F5E5-482F-B94D-F31ABC340A92}.Release|Any CPU.Build.0 = Release|Any CPU
		{50CF8185-F33A-479D-A57F-37EA040A90AB}.Debug|Any CPU.ActiveCfg = Debug|Any CPU
		{50CF8185-F33A-479D-A57F-37EA040A90AB}.Debug|Any CPU.Build.0 = Debug|Any CPU
		{50CF8185-F33A-479D-A57F-37EA040A90AB}.Release|Any CPU.ActiveCfg = Release|Any CPU
		{50CF8185-F33A-479D-A57F-37EA040A90AB}.Release|Any CPU.Build.0 = Release|Any CPU
		{349BD470-AA80-43B0-9B3F-E949C8613EC4}.Debug|Any CPU.ActiveCfg = Debug|Any CPU
		{349BD470-AA80-43B0-9B3F-E949C8613EC4}.Debug|Any CPU.Build.0 = Debug|Any CPU
		{349BD470-AA80-43B0-9B3F-E949C8613EC4}.Release|Any CPU.ActiveCfg = Release|Any CPU
		{349BD470-AA80-43B0-9B3F-E949C8613EC4}.Release|Any CPU.Build.0 = Release|Any CPU
		{82C3A0B5-4C83-4095-B75C-B48636326D4F}.Debug|Any CPU.ActiveCfg = Debug|Any CPU
		{82C3A0B5-4C83-4095-B75C-B48636326D4F}.Debug|Any CPU.Build.0 = Debug|Any CPU
		{82C3A0B5-4C83-4095-B75C-B48636326D4F}.Release|Any CPU.ActiveCfg = Release|Any CPU
		{82C3A0B5-4C83-4095-B75C-B48636326D4F}.Release|Any CPU.Build.0 = Release|Any CPU
	EndGlobalSection
	GlobalSection(SolutionProperties) = preSolution
		HideSolutionNode = FALSE
	EndGlobalSection
	GlobalSection(NestedProjects) = preSolution
		{8E6F21BF-F5E5-482F-B94D-F31ABC340A92} = {6CFF906D-7DB2-4BB0-9047-4C4525920391}
		{50CF8185-F33A-479D-A57F-37EA040A90AB} = {8074C32A-C925-4517-AA07-A7BC733390C6}
		{349BD470-AA80-43B0-9B3F-E949C8613EC4} = {65EFB18B-07F5-4290-9A5E-0CD40609565A}
		{82C3A0B5-4C83-4095-B75C-B48636326D4F} = {38034DDB-AC06-44AE-AF55-C9FAA20C30BA}
	EndGlobalSection
	GlobalSection(ExtensibilityGlobals) = postSolution
		SolutionGuid = {7AC2BA84-CC0B-4182-B331-3915ED1D1599}
	EndGlobalSection
EndGlobal
