
Microsoft Visual Studio Solution File, Format Version 12.00
# Visual Studio Version 16
VisualStudioVersion = 16.0.31613.86
MinimumVisualStudioVersion = 10.0.40219.1
Project("{9A19103F-16F7-4668-BE54-9A1E7A4F7556}") = "ODSApi", "ODSApi.csproj", "{8E6F21BF-F5E5-482F-B94D-F31ABC340A92}"
EndProject
Project("{2150E333-8FDC-42A3-9474-1A3956D46DE8}") = "Core", "Core", "{7966B2DA-485D-4197-A0D2-D066ABDA31BE}"
EndProject
Project("{2150E333-8FDC-42A3-9474-1A3956D46DE8}") = "Domain", "Domain", "{072BADCF-5C8B-4535-8438-6E6F55BC07B3}"
EndProject
Project("{2150E333-8FDC-42A3-9474-1A3956D46DE8}") = "Models", "Models", "{B8B9CCB2-7922-4F99-B78C-6B8FDAAEEC3C}"
EndProject
Project("{2150E333-8FDC-42A3-9474-1A3956D46DE8}") = "Api", "Api", "{FD238B4C-DC0D-4264-AD83-436F74EBF687}"
EndProject
Project("{FAE04EC0-301F-11D3-BF4B-00C04F79EFBC}") = "ODSApiInfrastructure", "..\ODSApiInfrastructure\ODSApiInfrastructure.csproj", "{0656A3A2-6177-4474-A3F3-9193A0DC6A1D}"
EndProject
Project("{FAE04EC0-301F-11D3-BF4B-00C04F79EFBC}") = "BoundedContext", "..\BoundedContext\BoundedContext.csproj", "{6A5143DE-B33C-497C-980A-F25D4A9882BF}"
EndProject
Project("{FAE04EC0-301F-11D3-BF4B-00C04F79EFBC}") = "Domain", "..\Domain\Domain.csproj", "{A9B447FE-5334-4233-9107-0570C3593AEA}"
EndProject
Project("{FAE04EC0-301F-11D3-BF4B-00C04F79EFBC}") = "UnitOfWork", "..\UnitOfWork\UnitOfWork.csproj", "{E91014D2-2B1E-4A40-A6F5-8BF6E4EB6CDA}"
EndProject
Project("{FAE04EC0-301F-11D3-BF4B-00C04F79EFBC}") = "Models", "..\Models\Models.csproj", "{A4715CD4-0565-4EBC-97C9-F8E9C554FECD}"
EndProject
Global
	GlobalSection(SolutionConfigurationPlatforms) = preSolution
		Debug|Any CPU = Debug|Any CPU
		Release|Any CPU = Release|Any CPU
	EndGlobalSection
	GlobalSection(ProjectConfigurationPlatforms) = postSolution
		{8E6F21BF-F5E5-482F-B94D-F31ABC340A92}.Debug|Any CPU.ActiveCfg = Debug|Any CPU
		{8E6F21BF-F5E5-482F-B94D-F31ABC340A92}.Debug|Any CPU.Build.0 = Debug|Any CPU
		{8E6F21BF-F5E5-482F-B94D-F31ABC340A92}.Release|Any CPU.ActiveCfg = Release|Any CPU
		{8E6F21BF-F5E5-482F-B94D-F31ABC340A92}.Release|Any CPU.Build.0 = Release|Any CPU
		{0656A3A2-6177-4474-A3F3-9193A0DC6A1D}.Debug|Any CPU.ActiveCfg = Debug|Any CPU
		{0656A3A2-6177-4474-A3F3-9193A0DC6A1D}.Debug|Any CPU.Build.0 = Debug|Any CPU
		{0656A3A2-6177-4474-A3F3-9193A0DC6A1D}.Release|Any CPU.ActiveCfg = Release|Any CPU
		{0656A3A2-6177-4474-A3F3-9193A0DC6A1D}.Release|Any CPU.Build.0 = Release|Any CPU
		{6A5143DE-B33C-497C-980A-F25D4A9882BF}.Debug|Any CPU.ActiveCfg = Debug|Any CPU
		{6A5143DE-B33C-497C-980A-F25D4A9882BF}.Debug|Any CPU.Build.0 = Debug|Any CPU
		{6A5143DE-B33C-497C-980A-F25D4A9882BF}.Release|Any CPU.ActiveCfg = Release|Any CPU
		{6A5143DE-B33C-497C-980A-F25D4A9882BF}.Release|Any CPU.Build.0 = Release|Any CPU
		{A9B447FE-5334-4233-9107-0570C3593AEA}.Debug|Any CPU.ActiveCfg = Debug|Any CPU
		{A9B447FE-5334-4233-9107-0570C3593AEA}.Debug|Any CPU.Build.0 = Debug|Any CPU
		{A9B447FE-5334-4233-9107-0570C3593AEA}.Release|Any CPU.ActiveCfg = Release|Any CPU
		{A9B447FE-5334-4233-9107-0570C3593AEA}.Release|Any CPU.Build.0 = Release|Any CPU
		{E91014D2-2B1E-4A40-A6F5-8BF6E4EB6CDA}.Debug|Any CPU.ActiveCfg = Debug|Any CPU
		{E91014D2-2B1E-4A40-A6F5-8BF6E4EB6CDA}.Debug|Any CPU.Build.0 = Debug|Any CPU
		{E91014D2-2B1E-4A40-A6F5-8BF6E4EB6CDA}.Release|Any CPU.ActiveCfg = Release|Any CPU
		{E91014D2-2B1E-4A40-A6F5-8BF6E4EB6CDA}.Release|Any CPU.Build.0 = Release|Any CPU
		{A4715CD4-0565-4EBC-97C9-F8E9C554FECD}.Debug|Any CPU.ActiveCfg = Debug|Any CPU
		{A4715CD4-0565-4EBC-97C9-F8E9C554FECD}.Debug|Any CPU.Build.0 = Debug|Any CPU
		{A4715CD4-0565-4EBC-97C9-F8E9C554FECD}.Release|Any CPU.ActiveCfg = Release|Any CPU
		{A4715CD4-0565-4EBC-97C9-F8E9C554FECD}.Release|Any CPU.Build.0 = Release|Any CPU
	EndGlobalSection
	GlobalSection(SolutionProperties) = preSolution
		HideSolutionNode = FALSE
	EndGlobalSection
	GlobalSection(NestedProjects) = preSolution
		{8E6F21BF-F5E5-482F-B94D-F31ABC340A92} = {FD238B4C-DC0D-4264-AD83-436F74EBF687}
		{0656A3A2-6177-4474-A3F3-9193A0DC6A1D} = {7966B2DA-485D-4197-A0D2-D066ABDA31BE}
		{6A5143DE-B33C-497C-980A-F25D4A9882BF} = {072BADCF-5C8B-4535-8438-6E6F55BC07B3}
		{A9B447FE-5334-4233-9107-0570C3593AEA} = {072BADCF-5C8B-4535-8438-6E6F55BC07B3}
		{E91014D2-2B1E-4A40-A6F5-8BF6E4EB6CDA} = {072BADCF-5C8B-4535-8438-6E6F55BC07B3}
		{A4715CD4-0565-4EBC-97C9-F8E9C554FECD} = {B8B9CCB2-7922-4F99-B78C-6B8FDAAEEC3C}
	EndGlobalSection
	GlobalSection(ExtensibilityGlobals) = postSolution
		SolutionGuid = {7AC2BA84-CC0B-4182-B331-3915ED1D1599}
	EndGlobalSection
EndGlobal
