
Microsoft Visual Studio Solution File, Format Version 12.00
# Visual Studio Version 16
VisualStudioVersion = 16.0.31613.86
MinimumVisualStudioVersion = 10.0.40219.1
Project("{9A19103F-16F7-4668-BE54-9A1E7A4F7556}") = "ODSApi", "ODSApi.csproj", "{8E6F21BF-F5E5-482F-B94D-F31ABC340A92}"
EndProject
Project("{2150E333-8FDC-42A3-9474-1A3956D46DE8}") = "Core", "Core", "{7966B2DA-485D-4197-A0D2-D066ABDA31BE}"
EndProject
Project("{2150E333-8FDC-42A3-9474-1A3956D46DE8}") = "Domain", "Domain", "{072BADCF-5C8B-4535-8438-6E6F55BC07B3}"
EndProject
Project("{2150E333-8FDC-42A3-9474-1A3956D46DE8}") = "Models", "Models", "{B8B9CCB2-7922-4F99-B78C-6B8FDAAEEC3C}"
EndProject
Project("{2150E333-8FDC-42A3-9474-1A3956D46DE8}") = "Api", "Api", "{FD238B4C-DC0D-4264-AD83-436F74EBF687}"
EndProject
Global
	GlobalSection(SolutionConfigurationPlatforms) = preSolution
		Debug|Any CPU = Debug|Any CPU
		Release|Any CPU = Release|Any CPU
	EndGlobalSection
	GlobalSection(ProjectConfigurationPlatforms) = postSolution
		{8E6F21BF-F5E5-482F-B94D-F31ABC340A92}.Debug|Any CPU.ActiveCfg = Debug|Any CPU
		{8E6F21BF-F5E5-482F-B94D-F31ABC340A92}.Debug|Any CPU.Build.0 = Debug|Any CPU
		{8E6F21BF-F5E5-482F-B94D-F31ABC340A92}.Release|Any CPU.ActiveCfg = Release|Any CPU
		{8E6F21BF-F5E5-482F-B94D-F31ABC340A92}.Release|Any CPU.Build.0 = Release|Any CPU
	EndGlobalSection
	GlobalSection(SolutionProperties) = preSolution
		HideSolutionNode = FALSE
	EndGlobalSection
	GlobalSection(NestedProjects) = preSolution
		{8E6F21BF-F5E5-482F-B94D-F31ABC340A92} = {FD238B4C-DC0D-4264-AD83-436F74EBF687}
	EndGlobalSection
	GlobalSection(ExtensibilityGlobals) = postSolution
		SolutionGuid = {7AC2BA84-CC0B-4182-B331-3915ED1D1599}
	EndGlobalSection
EndGlobal
